
Microsoft Visual Studio Solution File, Format Version 12.00
# Visual Studio Version 17
VisualStudioVersion = 17.1.32210.238
MinimumVisualStudioVersion = 10.0.40219.1
Project("{FAE04EC0-301F-11D3-BF4B-00C04F79EFBC}") = "MettlerToledoLoadCellTool", ".\MettlerToledoLoadCellTool\MettlerToledoLoadCellTool.csproj", "{0FEE2F92-C42C-4E37-A1E4-89CE49FDF4A3}"
EndProject
Global
	GlobalSection(SolutionConfigurationPlatforms) = preSolution
		Debug|Any CPU = Debug|Any CPU
		Release|Any CPU = Release|Any CPU
	EndGlobalSection
	GlobalSection(ProjectConfigurationPlatforms) = postSolution
		{0FEE2F92-C42C-4E37-A1E4-89CE49FDF4A3}.Debug|Any CPU.ActiveCfg = Debug|Any CPU
		{0FEE2F92-C42C-4E37-A1E4-89CE49FDF4A3}.Debug|Any CPU.Build.0 = Debug|Any CPU
		{0FEE2F92-C42C-4E37-A1E4-89CE49FDF4A3}.Release|Any CPU.ActiveCfg = Release|Any CPU
		{0FEE2F92-C42C-4E37-A1E4-89CE49FDF4A3}.Release|Any CPU.Build.0 = Release|Any CPU
	EndGlobalSection
	GlobalSection(SolutionProperties) = preSolution
		HideSolutionNode = FALSE
	EndGlobalSection
	GlobalSection(ExtensibilityGlobals) = postSolution
		SolutionGuid = {D4B33B54-7C58-493B-9B6E-9BC5380C136E}
	EndGlobalSection
EndGlobal
